
Microsoft Visual Studio Solution File, Format Version 11.00
# Visual Studio 2010
Project("{FAE04EC0-301F-11D3-BF4B-00C04F79EFBC}") = "Tournamin.web", "Tournamin.web\Tournamin.web.csproj", "{8B0860A8-11B1-4722-A75B-DE1D2DECE323}"
EndProject
Project("{2150E333-8FDC-42A3-9474-1A3956D46DE8}") = ".nuget", ".nuget", "{BF3B5398-C848-4C7D-8B64-1FD745C602FD}"
	ProjectSection(SolutionItems) = preProject
		.nuget\NuGet.Config = .nuget\NuGet.Config
		.nuget\NuGet.exe = .nuget\NuGet.exe
		.nuget\NuGet.targets = .nuget\NuGet.targets
	EndProjectSection
EndProject
Global
	GlobalSection(SolutionConfigurationPlatforms) = preSolution
		Debug|Any CPU = Debug|Any CPU
		Release|Any CPU = Release|Any CPU
	EndGlobalSection
	GlobalSection(ProjectConfigurationPlatforms) = postSolution
		{8B0860A8-11B1-4722-A75B-DE1D2DECE323}.Debug|Any CPU.ActiveCfg = Debug|Any CPU
		{8B0860A8-11B1-4722-A75B-DE1D2DECE323}.Debug|Any CPU.Build.0 = Debug|Any CPU
		{8B0860A8-11B1-4722-A75B-DE1D2DECE323}.Release|Any CPU.ActiveCfg = Release|Any CPU
		{8B0860A8-11B1-4722-A75B-DE1D2DECE323}.Release|Any CPU.Build.0 = Release|Any CPU
	EndGlobalSection
	GlobalSection(SolutionProperties) = preSolution
		HideSolutionNode = FALSE
	EndGlobalSection
EndGlobal
